
Microsoft Visual Studio Solution File, Format Version 12.00
# Visual Studio Version 16
VisualStudioVersion = 16.0.30907.101
MinimumVisualStudioVersion = 10.0.40219.1
Project("{FAE04EC0-301F-11D3-BF4B-00C04F79EFBC}") = "GoodFoodSystem", "GoodFoodSystem.csproj", "{05D30DCF-1A22-42BF-B0C9-A1700C81AE6A}"
EndProject
Global
	GlobalSection(SolutionConfigurationPlatforms) = preSolution
		Debug|Any CPU = Debug|Any CPU
		Release|Any CPU = Release|Any CPU
	EndGlobalSection
	GlobalSection(ProjectConfigurationPlatforms) = postSolution
		{05D30DCF-1A22-42BF-B0C9-A1700C81AE6A}.Debug|Any CPU.ActiveCfg = Debug|Any CPU
		{05D30DCF-1A22-42BF-B0C9-A1700C81AE6A}.Debug|Any CPU.Build.0 = Debug|Any CPU
		{05D30DCF-1A22-42BF-B0C9-A1700C81AE6A}.Release|Any CPU.ActiveCfg = Release|Any CPU
		{05D30DCF-1A22-42BF-B0C9-A1700C81AE6A}.Release|Any CPU.Build.0 = Release|Any CPU
	EndGlobalSection
	GlobalSection(SolutionProperties) = preSolution
		HideSolutionNode = FALSE
	EndGlobalSection
	GlobalSection(ExtensibilityGlobals) = postSolution
		SolutionGuid = {BAD58FD0-7B90-40A0-95E8-AFC243538B24}
	EndGlobalSection
EndGlobal
